// !$*UTF8*$!
{
	archiveVersion = 1;
	classes = {
	};
	objectVersion = 56;
	objects = {

/* Begin PBXBuildFile section */
		1B0086932B777C2A0015EA32 /* AppetizersApp.swift in Sources */ = {isa = PBXBuildFile; fileRef = 1B0086922B777C2A0015EA32 /* AppetizersApp.swift */; };
		1B0086952B777C2A0015EA32 /* PrincepsView.swift in Sources */ = {isa = PBXBuildFile; fileRef = 1B0086942B777C2A0015EA32 /* PrincepsView.swift */; };
		1B0086972B777C2C0015EA32 /* Assets.xcassets in Resources */ = {isa = PBXBuildFile; fileRef = 1B0086962B777C2C0015EA32 /* Assets.xcassets */; };
		1B00869B2B777C2C0015EA32 /* Preview Assets.xcassets in Resources */ = {isa = PBXBuildFile; fileRef = 1B00869A2B777C2C0015EA32 /* Preview Assets.xcassets */; };
		1B0086A22B777CD30015EA32 /* AccountView.swift in Sources */ = {isa = PBXBuildFile; fileRef = 1B0086A12B777CD30015EA32 /* AccountView.swift */; };
		1B0086A42B777CDF0015EA32 /* OrderView.swift in Sources */ = {isa = PBXBuildFile; fileRef = 1B0086A32B777CDF0015EA32 /* OrderView.swift */; };
		1B0086A62B777CF80015EA32 /* AppetizersListView.swift in Sources */ = {isa = PBXBuildFile; fileRef = 1B0086A52B777CF80015EA32 /* AppetizersListView.swift */; };
		1B0086A92B7784E10015EA32 /* Appetizer.swift in Sources */ = {isa = PBXBuildFile; fileRef = 1B0086A82B7784E10015EA32 /* Appetizer.swift */; };
		1B106AA82B7788AC0000998D /* AppetizerListView.swift in Sources */ = {isa = PBXBuildFile; fileRef = 1B106AA72B7788AB0000998D /* AppetizerListView.swift */; };
		1B106AAC2B778EE50000998D /* NetworkManager.swift in Sources */ = {isa = PBXBuildFile; fileRef = 1B106AAB2B778EE50000998D /* NetworkManager.swift */; };
		1B106AB02B7790550000998D /* AppetizersError.swift in Sources */ = {isa = PBXBuildFile; fileRef = 1B106AAF2B7790550000998D /* AppetizersError.swift */; };
		1B6AC4E32B77975D00E76757 /* AppetizersListViewModel.swift in Sources */ = {isa = PBXBuildFile; fileRef = 1B6AC4E22B77975D00E76757 /* AppetizersListViewModel.swift */; };
		1B6AC4E52B779B0400E76757 /* Alert.swift in Sources */ = {isa = PBXBuildFile; fileRef = 1B6AC4E42B779B0400E76757 /* Alert.swift */; };
		1B6AC4E72B77A4AF00E76757 /* LoadingView.swift in Sources */ = {isa = PBXBuildFile; fileRef = 1B6AC4E62B77A4AF00E76757 /* LoadingView.swift */; };
		1B6AC4E92B77A53D00E76757 /* Color+EXT.swift in Sources */ = {isa = PBXBuildFile; fileRef = 1B6AC4E82B77A53D00E76757 /* Color+EXT.swift */; };
		1B6AC4EB2B77C4CE00E76757 /* RemoteImage.swift in Sources */ = {isa = PBXBuildFile; fileRef = 1B6AC4EA2B77C4CE00E76757 /* RemoteImage.swift */; };
		1BCF4DC52B78D46100F7C8B1 /* AppetizerDetailView.swift in Sources */ = {isa = PBXBuildFile; fileRef = 1BCF4DC42B78D46100F7C8B1 /* AppetizerDetailView.swift */; };
/* End PBXBuildFile section */

/* Begin PBXFileReference section */
		1B00868F2B777C2A0015EA32 /* Appetizers.app */ = {isa = PBXFileReference; explicitFileType = wrapper.application; includeInIndex = 0; path = Appetizers.app; sourceTree = BUILT_PRODUCTS_DIR; };
		1B0086922B777C2A0015EA32 /* AppetizersApp.swift */ = {isa = PBXFileReference; lastKnownFileType = sourcecode.swift; path = AppetizersApp.swift; sourceTree = "<group>"; };
		1B0086942B777C2A0015EA32 /* PrincepsView.swift */ = {isa = PBXFileReference; lastKnownFileType = sourcecode.swift; path = PrincepsView.swift; sourceTree = "<group>"; };
		1B0086962B777C2C0015EA32 /* Assets.xcassets */ = {isa = PBXFileReference; lastKnownFileType = folder.assetcatalog; path = Assets.xcassets; sourceTree = "<group>"; };
		1B0086982B777C2C0015EA32 /* Appetizers.entitlements */ = {isa = PBXFileReference; lastKnownFileType = text.plist.entitlements; path = Appetizers.entitlements; sourceTree = "<group>"; };
		1B00869A2B777C2C0015EA32 /* Preview Assets.xcassets */ = {isa = PBXFileReference; lastKnownFileType = folder.assetcatalog; path = "Preview Assets.xcassets"; sourceTree = "<group>"; };
		1B0086A12B777CD30015EA32 /* AccountView.swift */ = {isa = PBXFileReference; lastKnownFileType = sourcecode.swift; path = AccountView.swift; sourceTree = "<group>"; };
		1B0086A32B777CDF0015EA32 /* OrderView.swift */ = {isa = PBXFileReference; lastKnownFileType = sourcecode.swift; path = OrderView.swift; sourceTree = "<group>"; };
		1B0086A52B777CF80015EA32 /* AppetizersListView.swift */ = {isa = PBXFileReference; lastKnownFileType = sourcecode.swift; path = AppetizersListView.swift; sourceTree = "<group>"; };
		1B0086A82B7784E10015EA32 /* Appetizer.swift */ = {isa = PBXFileReference; lastKnownFileType = sourcecode.swift; path = Appetizer.swift; sourceTree = "<group>"; };
		1B106AA72B7788AB0000998D /* AppetizerListView.swift */ = {isa = PBXFileReference; lastKnownFileType = sourcecode.swift; path = AppetizerListView.swift; sourceTree = "<group>"; };
		1B106AAB2B778EE50000998D /* NetworkManager.swift */ = {isa = PBXFileReference; lastKnownFileType = sourcecode.swift; path = NetworkManager.swift; sourceTree = "<group>"; };
		1B106AAF2B7790550000998D /* AppetizersError.swift */ = {isa = PBXFileReference; lastKnownFileType = sourcecode.swift; path = AppetizersError.swift; sourceTree = "<group>"; };
		1B6AC4E22B77975D00E76757 /* AppetizersListViewModel.swift */ = {isa = PBXFileReference; lastKnownFileType = sourcecode.swift; path = AppetizersListViewModel.swift; sourceTree = "<group>"; };
		1B6AC4E42B779B0400E76757 /* Alert.swift */ = {isa = PBXFileReference; lastKnownFileType = sourcecode.swift; path = Alert.swift; sourceTree = "<group>"; };
		1B6AC4E62B77A4AF00E76757 /* LoadingView.swift */ = {isa = PBXFileReference; lastKnownFileType = sourcecode.swift; path = LoadingView.swift; sourceTree = "<group>"; };
		1B6AC4E82B77A53D00E76757 /* Color+EXT.swift */ = {isa = PBXFileReference; lastKnownFileType = sourcecode.swift; path = "Color+EXT.swift"; sourceTree = "<group>"; };
		1B6AC4EA2B77C4CE00E76757 /* RemoteImage.swift */ = {isa = PBXFileReference; lastKnownFileType = sourcecode.swift; path = RemoteImage.swift; sourceTree = "<group>"; };
		1BCF4DC42B78D46100F7C8B1 /* AppetizerDetailView.swift */ = {isa = PBXFileReference; lastKnownFileType = sourcecode.swift; path = AppetizerDetailView.swift; sourceTree = "<group>"; };
/* End PBXFileReference section */

/* Begin PBXFrameworksBuildPhase section */
		1B00868C2B777C2A0015EA32 /* Frameworks */ = {
			isa = PBXFrameworksBuildPhase;
			buildActionMask = 2147483647;
			files = (
			);
			runOnlyForDeploymentPostprocessing = 0;
		};
/* End PBXFrameworksBuildPhase section */

/* Begin PBXGroup section */
		1B0086862B777C2A0015EA32 = {
			isa = PBXGroup;
			children = (
				1B0086912B777C2A0015EA32 /* Appetizers */,
				1B0086902B777C2A0015EA32 /* Products */,
			);
			sourceTree = "<group>";
		};
		1B0086902B777C2A0015EA32 /* Products */ = {
			isa = PBXGroup;
			children = (
				1B00868F2B777C2A0015EA32 /* Appetizers.app */,
			);
			name = Products;
			sourceTree = "<group>";
		};
		1B0086912B777C2A0015EA32 /* Appetizers */ = {
			isa = PBXGroup;
			children = (
				1B0086922B777C2A0015EA32 /* AppetizersApp.swift */,
				1B0086942B777C2A0015EA32 /* PrincepsView.swift */,
				1B0086A72B777D170015EA32 /* Views */,
				1B6AC4E12B77973D00E76757 /* View model */,
				1B6AC4EC2B77C9EB00E76757 /* Remote */,
				1B106AAA2B778E170000998D /* Data */,
				1B6AC4ED2B77CA1100E76757 /* Utilities */,
				1B0086962B777C2C0015EA32 /* Assets.xcassets */,
				1B0086982B777C2C0015EA32 /* Appetizers.entitlements */,
				1B0086992B777C2C0015EA32 /* Preview Content */,
			);
			path = Appetizers;
			sourceTree = "<group>";
		};
		1B0086992B777C2C0015EA32 /* Preview Content */ = {
			isa = PBXGroup;
			children = (
				1B00869A2B777C2C0015EA32 /* Preview Assets.xcassets */,
			);
			path = "Preview Content";
			sourceTree = "<group>";
		};
		1B0086A72B777D170015EA32 /* Views */ = {
			isa = PBXGroup;
			children = (
				1BCF4DC22B78D43800F7C8B1 /* AppetizersListView */,
				1B0086A12B777CD30015EA32 /* AccountView.swift */,
				1B0086A32B777CDF0015EA32 /* OrderView.swift */,
				1B6AC4E62B77A4AF00E76757 /* LoadingView.swift */,
			);
			path = Views;
			sourceTree = "<group>";
		};
		1B106AAA2B778E170000998D /* Data */ = {
			isa = PBXGroup;
			children = (
				1B0086A82B7784E10015EA32 /* Appetizer.swift */,
				1B106AAF2B7790550000998D /* AppetizersError.swift */,
			);
			path = Data;
			sourceTree = "<group>";
		};
		1B6AC4E12B77973D00E76757 /* View model */ = {
			isa = PBXGroup;
			children = (
				1B6AC4E22B77975D00E76757 /* AppetizersListViewModel.swift */,
			);
			path = "View model";
			sourceTree = "<group>";
		};
		1B6AC4EC2B77C9EB00E76757 /* Remote */ = {
			isa = PBXGroup;
			children = (
				1B6AC4EA2B77C4CE00E76757 /* RemoteImage.swift */,
				1B106AAB2B778EE50000998D /* NetworkManager.swift */,
			);
			path = Remote;
			sourceTree = "<group>";
		};
		1B6AC4ED2B77CA1100E76757 /* Utilities */ = {
			isa = PBXGroup;
			children = (
				1B6AC4E42B779B0400E76757 /* Alert.swift */,
				1B6AC4E82B77A53D00E76757 /* Color+EXT.swift */,
			);
			path = Utilities;
			sourceTree = "<group>";
		};
		1BCF4DC22B78D43800F7C8B1 /* AppetizersListView */ = {
			isa = PBXGroup;
			children = (
				1B0086A52B777CF80015EA32 /* AppetizersListView.swift */,
				1BCF4DC42B78D46100F7C8B1 /* AppetizerDetailView.swift */,
				1B106AA72B7788AB0000998D /* AppetizerListView.swift */,
			);
			path = AppetizersListView;
			sourceTree = "<group>";
		};
/* End PBXGroup section */

/* Begin PBXNativeTarget section */
		1B00868E2B777C2A0015EA32 /* Appetizers */ = {
			isa = PBXNativeTarget;
			buildConfigurationList = 1B00869E2B777C2C0015EA32 /* Build configuration list for PBXNativeTarget "Appetizers" */;
			buildPhases = (
				1B00868B2B777C2A0015EA32 /* Sources */,
				1B00868C2B777C2A0015EA32 /* Frameworks */,
				1B00868D2B777C2A0015EA32 /* Resources */,
			);
			buildRules = (
			);
			dependencies = (
			);
			name = Appetizers;
			productName = Appetizers;
			productReference = 1B00868F2B777C2A0015EA32 /* Appetizers.app */;
			productType = "com.apple.product-type.application";
		};
/* End PBXNativeTarget section */

/* Begin PBXProject section */
		1B0086872B777C2A0015EA32 /* Project object */ = {
			isa = PBXProject;
			attributes = {
				BuildIndependentTargetsInParallel = 1;
				LastSwiftUpdateCheck = 1420;
				LastUpgradeCheck = 1420;
				TargetAttributes = {
					1B00868E2B777C2A0015EA32 = {
						CreatedOnToolsVersion = 14.2;
					};
				};
			};
			buildConfigurationList = 1B00868A2B777C2A0015EA32 /* Build configuration list for PBXProject "Appetizers" */;
			compatibilityVersion = "Xcode 14.0";
			developmentRegion = en;
			hasScannedForEncodings = 0;
			knownRegions = (
				en,
				Base,
			);
			mainGroup = 1B0086862B777C2A0015EA32;
			productRefGroup = 1B0086902B777C2A0015EA32 /* Products */;
			projectDirPath = "";
			projectRoot = "";
			targets = (
				1B00868E2B777C2A0015EA32 /* Appetizers */,
			);
		};
/* End PBXProject section */

/* Begin PBXResourcesBuildPhase section */
		1B00868D2B777C2A0015EA32 /* Resources */ = {
			isa = PBXResourcesBuildPhase;
			buildActionMask = 2147483647;
			files = (
				1B00869B2B777C2C0015EA32 /* Preview Assets.xcassets in Resources */,
				1B0086972B777C2C0015EA32 /* Assets.xcassets in Resources */,
			);
			runOnlyForDeploymentPostprocessing = 0;
		};
/* End PBXResourcesBuildPhase section */

/* Begin PBXSourcesBuildPhase section */
		1B00868B2B777C2A0015EA32 /* Sources */ = {
			isa = PBXSourcesBuildPhase;
			buildActionMask = 2147483647;
			files = (
				1B0086A92B7784E10015EA32 /* Appetizer.swift in Sources */,
				1B6AC4E32B77975D00E76757 /* AppetizersListViewModel.swift in Sources */,
				1B6AC4E92B77A53D00E76757 /* Color+EXT.swift in Sources */,
				1B106AA82B7788AC0000998D /* AppetizerListView.swift in Sources */,
				1B106AB02B7790550000998D /* AppetizersError.swift in Sources */,
				1B0086A22B777CD30015EA32 /* AccountView.swift in Sources */,
				1B6AC4E72B77A4AF00E76757 /* LoadingView.swift in Sources */,
				1B0086A42B777CDF0015EA32 /* OrderView.swift in Sources */,
				1B106AAC2B778EE50000998D /* NetworkManager.swift in Sources */,
				1B6AC4EB2B77C4CE00E76757 /* RemoteImage.swift in Sources */,
				1BCF4DC52B78D46100F7C8B1 /* AppetizerDetailView.swift in Sources */,
				1B0086952B777C2A0015EA32 /* PrincepsView.swift in Sources */,
				1B6AC4E52B779B0400E76757 /* Alert.swift in Sources */,
				1B0086932B777C2A0015EA32 /* AppetizersApp.swift in Sources */,
				1B0086A62B777CF80015EA32 /* AppetizersListView.swift in Sources */,
			);
			runOnlyForDeploymentPostprocessing = 0;
		};
/* End PBXSourcesBuildPhase section */

/* Begin XCBuildConfiguration section */
		1B00869C2B777C2C0015EA32 /* Debug */ = {
			isa = XCBuildConfiguration;
			buildSettings = {
				ALWAYS_SEARCH_USER_PATHS = NO;
				CLANG_ANALYZER_NONNULL = YES;
				CLANG_ANALYZER_NUMBER_OBJECT_CONVERSION = YES_AGGRESSIVE;
				CLANG_CXX_LANGUAGE_STANDARD = "gnu++20";
				CLANG_ENABLE_MODULES = YES;
				CLANG_ENABLE_OBJC_ARC = YES;
				CLANG_ENABLE_OBJC_WEAK = YES;
				CLANG_WARN_BLOCK_CAPTURE_AUTORELEASING = YES;
				CLANG_WARN_BOOL_CONVERSION = YES;
				CLANG_WARN_COMMA = YES;
				CLANG_WARN_CONSTANT_CONVERSION = YES;
				CLANG_WARN_DEPRECATED_OBJC_IMPLEMENTATIONS = YES;
				CLANG_WARN_DIRECT_OBJC_ISA_USAGE = YES_ERROR;
				CLANG_WARN_DOCUMENTATION_COMMENTS = YES;
				CLANG_WARN_EMPTY_BODY = YES;
				CLANG_WARN_ENUM_CONVERSION = YES;
				CLANG_WARN_INFINITE_RECURSION = YES;
				CLANG_WARN_INT_CONVERSION = YES;
				CLANG_WARN_NON_LITERAL_NULL_CONVERSION = YES;
				CLANG_WARN_OBJC_IMPLICIT_RETAIN_SELF = YES;
				CLANG_WARN_OBJC_LITERAL_CONVERSION = YES;
				CLANG_WARN_OBJC_ROOT_CLASS = YES_ERROR;
				CLANG_WARN_QUOTED_INCLUDE_IN_FRAMEWORK_HEADER = YES;
				CLANG_WARN_RANGE_LOOP_ANALYSIS = YES;
				CLANG_WARN_STRICT_PROTOTYPES = YES;
				CLANG_WARN_SUSPICIOUS_MOVE = YES;
				CLANG_WARN_UNGUARDED_AVAILABILITY = YES_AGGRESSIVE;
				CLANG_WARN_UNREACHABLE_CODE = YES;
				CLANG_WARN__DUPLICATE_METHOD_MATCH = YES;
				COPY_PHASE_STRIP = NO;
				DEBUG_INFORMATION_FORMAT = dwarf;
				ENABLE_STRICT_OBJC_MSGSEND = YES;
				ENABLE_TESTABILITY = YES;
				GCC_C_LANGUAGE_STANDARD = gnu11;
				GCC_DYNAMIC_NO_PIC = NO;
				GCC_NO_COMMON_BLOCKS = YES;
				GCC_OPTIMIZATION_LEVEL = 0;
				GCC_PREPROCESSOR_DEFINITIONS = (
					"DEBUG=1",
					"$(inherited)",
				);
				GCC_WARN_64_TO_32_BIT_CONVERSION = YES;
				GCC_WARN_ABOUT_RETURN_TYPE = YES_ERROR;
				GCC_WARN_UNDECLARED_SELECTOR = YES;
				GCC_WARN_UNINITIALIZED_AUTOS = YES_AGGRESSIVE;
				GCC_WARN_UNUSED_FUNCTION = YES;
				GCC_WARN_UNUSED_VARIABLE = YES;
				MTL_ENABLE_DEBUG_INFO = INCLUDE_SOURCE;
				MTL_FAST_MATH = YES;
				ONLY_ACTIVE_ARCH = YES;
				SWIFT_ACTIVE_COMPILATION_CONDITIONS = DEBUG;
				SWIFT_OPTIMIZATION_LEVEL = "-Onone";
			};
			name = Debug;
		};
		1B00869D2B777C2C0015EA32 /* Release */ = {
			isa = XCBuildConfiguration;
			buildSettings = {
				ALWAYS_SEARCH_USER_PATHS = NO;
				CLANG_ANALYZER_NONNULL = YES;
				CLANG_ANALYZER_NUMBER_OBJECT_CONVERSION = YES_AGGRESSIVE;
				CLANG_CXX_LANGUAGE_STANDARD = "gnu++20";
				CLANG_ENABLE_MODULES = YES;
				CLANG_ENABLE_OBJC_ARC = YES;
				CLANG_ENABLE_OBJC_WEAK = YES;
				CLANG_WARN_BLOCK_CAPTURE_AUTORELEASING = YES;
				CLANG_WARN_BOOL_CONVERSION = YES;
				CLANG_WARN_COMMA = YES;
				CLANG_WARN_CONSTANT_CONVERSION = YES;
				CLANG_WARN_DEPRECATED_OBJC_IMPLEMENTATIONS = YES;
				CLANG_WARN_DIRECT_OBJC_ISA_USAGE = YES_ERROR;
				CLANG_WARN_DOCUMENTATION_COMMENTS = YES;
				CLANG_WARN_EMPTY_BODY = YES;
				CLANG_WARN_ENUM_CONVERSION = YES;
				CLANG_WARN_INFINITE_RECURSION = YES;
				CLANG_WARN_INT_CONVERSION = YES;
				CLANG_WARN_NON_LITERAL_NULL_CONVERSION = YES;
				CLANG_WARN_OBJC_IMPLICIT_RETAIN_SELF = YES;
				CLANG_WARN_OBJC_LITERAL_CONVERSION = YES;
				CLANG_WARN_OBJC_ROOT_CLASS = YES_ERROR;
				CLANG_WARN_QUOTED_INCLUDE_IN_FRAMEWORK_HEADER = YES;
				CLANG_WARN_RANGE_LOOP_ANALYSIS = YES;
				CLANG_WARN_STRICT_PROTOTYPES = YES;
				CLANG_WARN_SUSPICIOUS_MOVE = YES;
				CLANG_WARN_UNGUARDED_AVAILABILITY = YES_AGGRESSIVE;
				CLANG_WARN_UNREACHABLE_CODE = YES;
				CLANG_WARN__DUPLICATE_METHOD_MATCH = YES;
				COPY_PHASE_STRIP = NO;
				DEBUG_INFORMATION_FORMAT = "dwarf-with-dsym";
				ENABLE_NS_ASSERTIONS = NO;
				ENABLE_STRICT_OBJC_MSGSEND = YES;
				GCC_C_LANGUAGE_STANDARD = gnu11;
				GCC_NO_COMMON_BLOCKS = YES;
				GCC_WARN_64_TO_32_BIT_CONVERSION = YES;
				GCC_WARN_ABOUT_RETURN_TYPE = YES_ERROR;
				GCC_WARN_UNDECLARED_SELECTOR = YES;
				GCC_WARN_UNINITIALIZED_AUTOS = YES_AGGRESSIVE;
				GCC_WARN_UNUSED_FUNCTION = YES;
				GCC_WARN_UNUSED_VARIABLE = YES;
				MTL_ENABLE_DEBUG_INFO = NO;
				MTL_FAST_MATH = YES;
				SWIFT_COMPILATION_MODE = wholemodule;
				SWIFT_OPTIMIZATION_LEVEL = "-O";
			};
			name = Release;
		};
		1B00869F2B777C2C0015EA32 /* Debug */ = {
			isa = XCBuildConfiguration;
			buildSettings = {
				ASSETCATALOG_COMPILER_APPICON_NAME = AppIcon;
				ASSETCATALOG_COMPILER_GLOBAL_ACCENT_COLOR_NAME = AccentColor;
				CODE_SIGN_ENTITLEMENTS = Appetizers/Appetizers.entitlements;
				CODE_SIGN_STYLE = Automatic;
				CURRENT_PROJECT_VERSION = 1;
				DEVELOPMENT_ASSET_PATHS = "\"Appetizers/Preview Content\"";
				DEVELOPMENT_TEAM = 9UG66K2UHZ;
				ENABLE_HARDENED_RUNTIME = YES;
				ENABLE_PREVIEWS = YES;
				GENERATE_INFOPLIST_FILE = YES;
				"INFOPLIST_KEY_UIApplicationSceneManifest_Generation[sdk=iphoneos*]" = YES;
				"INFOPLIST_KEY_UIApplicationSceneManifest_Generation[sdk=iphonesimulator*]" = YES;
				"INFOPLIST_KEY_UIApplicationSupportsIndirectInputEvents[sdk=iphoneos*]" = YES;
				"INFOPLIST_KEY_UIApplicationSupportsIndirectInputEvents[sdk=iphonesimulator*]" = YES;
				"INFOPLIST_KEY_UILaunchScreen_Generation[sdk=iphoneos*]" = YES;
				"INFOPLIST_KEY_UILaunchScreen_Generation[sdk=iphonesimulator*]" = YES;
				"INFOPLIST_KEY_UIStatusBarStyle[sdk=iphoneos*]" = UIStatusBarStyleDefault;
				"INFOPLIST_KEY_UIStatusBarStyle[sdk=iphonesimulator*]" = UIStatusBarStyleDefault;
				INFOPLIST_KEY_UISupportedInterfaceOrientations_iPad = "UIInterfaceOrientationPortrait UIInterfaceOrientationPortraitUpsideDown UIInterfaceOrientationLandscapeLeft UIInterfaceOrientationLandscapeRight";
				INFOPLIST_KEY_UISupportedInterfaceOrientations_iPhone = "UIInterfaceOrientationPortrait UIInterfaceOrientationLandscapeLeft UIInterfaceOrientationLandscapeRight";
				IPHONEOS_DEPLOYMENT_TARGET = 16.2;
				LD_RUNPATH_SEARCH_PATHS = "@executable_path/Frameworks";
				"LD_RUNPATH_SEARCH_PATHS[sdk=macosx*]" = "@executable_path/../Frameworks";
				MACOSX_DEPLOYMENT_TARGET = 12.7;
				MARKETING_VERSION = 1.0;
				PRODUCT_BUNDLE_IDENTIFIER = bottle.Appetizers;
				PRODUCT_NAME = "$(TARGET_NAME)";
				SDKROOT = auto;
				SUPPORTED_PLATFORMS = "iphoneos iphonesimulator macosx";
				SWIFT_EMIT_LOC_STRINGS = YES;
				SWIFT_VERSION = 5.0;
				TARGETED_DEVICE_FAMILY = "1,2";
			};
			name = Debug;
		};
		1B0086A02B777C2C0015EA32 /* Release */ = {
			isa = XCBuildConfiguration;
			buildSettings = {
				ASSETCATALOG_COMPILER_APPICON_NAME = AppIcon;
				ASSETCATALOG_COMPILER_GLOBAL_ACCENT_COLOR_NAME = AccentColor;
				CODE_SIGN_ENTITLEMENTS = Appetizers/Appetizers.entitlements;
				CODE_SIGN_STYLE = Automatic;
				CURRENT_PROJECT_VERSION = 1;
				DEVELOPMENT_ASSET_PATHS = "\"Appetizers/Preview Content\"";
				DEVELOPMENT_TEAM = 9UG66K2UHZ;
				ENABLE_HARDENED_RUNTIME = YES;
				ENABLE_PREVIEWS = YES;
				GENERATE_INFOPLIST_FILE = YES;
				"INFOPLIST_KEY_UIApplicationSceneManifest_Generation[sdk=iphoneos*]" = YES;
				"INFOPLIST_KEY_UIApplicationSceneManifest_Generation[sdk=iphonesimulator*]" = YES;
				"INFOPLIST_KEY_UIApplicationSupportsIndirectInputEvents[sdk=iphoneos*]" = YES;
				"INFOPLIST_KEY_UIApplicationSupportsIndirectInputEvents[sdk=iphonesimulator*]" = YES;
				"INFOPLIST_KEY_UILaunchScreen_Generation[sdk=iphoneos*]" = YES;
				"INFOPLIST_KEY_UILaunchScreen_Generation[sdk=iphonesimulator*]" = YES;
				"INFOPLIST_KEY_UIStatusBarStyle[sdk=iphoneos*]" = UIStatusBarStyleDefault;
				"INFOPLIST_KEY_UIStatusBarStyle[sdk=iphonesimulator*]" = UIStatusBarStyleDefault;
				INFOPLIST_KEY_UISupportedInterfaceOrientations_iPad = "UIInterfaceOrientationPortrait UIInterfaceOrientationPortraitUpsideDown UIInterfaceOrientationLandscapeLeft UIInterfaceOrientationLandscapeRight";
				INFOPLIST_KEY_UISupportedInterfaceOrientations_iPhone = "UIInterfaceOrientationPortrait UIInterfaceOrientationLandscapeLeft UIInterfaceOrientationLandscapeRight";
				IPHONEOS_DEPLOYMENT_TARGET = 16.2;
				LD_RUNPATH_SEARCH_PATHS = "@executable_path/Frameworks";
				"LD_RUNPATH_SEARCH_PATHS[sdk=macosx*]" = "@executable_path/../Frameworks";
				MACOSX_DEPLOYMENT_TARGET = 12.7;
				MARKETING_VERSION = 1.0;
				PRODUCT_BUNDLE_IDENTIFIER = bottle.Appetizers;
				PRODUCT_NAME = "$(TARGET_NAME)";
				SDKROOT = auto;
				SUPPORTED_PLATFORMS = "iphoneos iphonesimulator macosx";
				SWIFT_EMIT_LOC_STRINGS = YES;
				SWIFT_VERSION = 5.0;
				TARGETED_DEVICE_FAMILY = "1,2";
			};
			name = Release;
		};
/* End XCBuildConfiguration section */

/* Begin XCConfigurationList section */
		1B00868A2B777C2A0015EA32 /* Build configuration list for PBXProject "Appetizers" */ = {
			isa = XCConfigurationList;
			buildConfigurations = (
				1B00869C2B777C2C0015EA32 /* Debug */,
				1B00869D2B777C2C0015EA32 /* Release */,
			);
			defaultConfigurationIsVisible = 0;
			defaultConfigurationName = Release;
		};
		1B00869E2B777C2C0015EA32 /* Build configuration list for PBXNativeTarget "Appetizers" */ = {
			isa = XCConfigurationList;
			buildConfigurations = (
				1B00869F2B777C2C0015EA32 /* Debug */,
				1B0086A02B777C2C0015EA32 /* Release */,
			);
			defaultConfigurationIsVisible = 0;
			defaultConfigurationName = Release;
		};
/* End XCConfigurationList section */
	};
	rootObject = 1B0086872B777C2A0015EA32 /* Project object */;
}
